// !$*UTF8*$!
{
	archiveVersion = 1;
	classes = {
	};
	objectVersion = 46;
	objects = {

/* Begin PBXBuildFile section */
		EC8618D1174E7697005E583F /* sta.cpp in Sources */ = {isa = PBXBuildFile; fileRef = EC8618CF174E75FC005E583F /* sta.cpp */; };
		EC8618D2174E7886005E583F /* main.cpp in Sources */ = {isa = PBXBuildFile; fileRef = EC5E702E174E2BFE009F476C /* main.cpp */; };
		EC8618E0174E9CC0005E583F /* libopencv_core.2.4.5.dylib in Frameworks */ = {isa = PBXBuildFile; fileRef = EC8618DC174E9CC0005E583F /* libopencv_core.2.4.5.dylib */; };
		EC8618E1174E9CC0005E583F /* libopencv_highgui.2.4.5.dylib in Frameworks */ = {isa = PBXBuildFile; fileRef = EC8618DD174E9CC0005E583F /* libopencv_highgui.2.4.5.dylib */; };
		EC8618E2174E9CC0005E583F /* libopencv_imgproc.2.4.5.dylib in Frameworks */ = {isa = PBXBuildFile; fileRef = EC8618DE174E9CC0005E583F /* libopencv_imgproc.2.4.5.dylib */; };
		EC8618E3174E9CC0005E583F /* libopencv_video.2.4.5.dylib in Frameworks */ = {isa = PBXBuildFile; fileRef = EC8618DF174E9CC0005E583F /* libopencv_video.2.4.5.dylib */; };
		EC8618E6174EB0F8005E583F /* helper.cpp in Sources */ = {isa = PBXBuildFile; fileRef = EC8618E4174EB0F6005E583F /* helper.cpp */; };
/* End PBXBuildFile section */

/* Begin PBXCopyFilesBuildPhase section */
		EC0C7389174E4E1000E80F65 /* CopyFiles */ = {
			isa = PBXCopyFilesBuildPhase;
			buildActionMask = 2147483647;
			dstPath = /usr/share/man/man1/;
			dstSubfolderSpec = 0;
			files = (
			);
			runOnlyForDeploymentPostprocessing = 1;
		};
/* End PBXCopyFilesBuildPhase section */

/* Begin PBXFileReference section */
		EC5E702E174E2BFE009F476C /* main.cpp */ = {isa = PBXFileReference; fileEncoding = 4; lastKnownFileType = sourcecode.cpp.cpp; name = main.cpp; path = src/main.cpp; sourceTree = "<group>"; };
		EC5E7032174E2C5C009F476C /* CMakeLists.txt */ = {isa = PBXFileReference; explicitFileType = text; fileEncoding = 4; path = CMakeLists.txt; sourceTree = "<group>"; usesTabs = 1; xcLanguageSpecificationIdentifier = xcode.lang.xcconfig; };
		EC8618CF174E75FC005E583F /* sta.cpp */ = {isa = PBXFileReference; fileEncoding = 4; lastKnownFileType = sourcecode.cpp.cpp; name = sta.cpp; path = src/sta.cpp; sourceTree = "<group>"; };
		EC8618D0174E75FC005E583F /* sta.h */ = {isa = PBXFileReference; fileEncoding = 4; indentWidth = 2; lastKnownFileType = sourcecode.c.h; name = sta.h; path = src/sta.h; sourceTree = "<group>"; tabWidth = 2; };
		EC8618D3174E9C0F005E583F /* code_completion */ = {isa = PBXFileReference; explicitFileType = "compiled.mach-o.executable"; includeInIndex = 0; path = code_completion; sourceTree = BUILT_PRODUCTS_DIR; };
		EC8618DC174E9CC0005E583F /* libopencv_core.2.4.5.dylib */ = {isa = PBXFileReference; lastKnownFileType = "compiled.mach-o.dylib"; name = libopencv_core.2.4.5.dylib; path = /usr/local/Cellar/opencv/2.4.5/lib/libopencv_core.2.4.5.dylib; sourceTree = "<absolute>"; };
		EC8618DD174E9CC0005E583F /* libopencv_highgui.2.4.5.dylib */ = {isa = PBXFileReference; lastKnownFileType = "compiled.mach-o.dylib"; name = libopencv_highgui.2.4.5.dylib; path = /usr/local/Cellar/opencv/2.4.5/lib/libopencv_highgui.2.4.5.dylib; sourceTree = "<absolute>"; };
		EC8618DE174E9CC0005E583F /* libopencv_imgproc.2.4.5.dylib */ = {isa = PBXFileReference; lastKnownFileType = "compiled.mach-o.dylib"; name = libopencv_imgproc.2.4.5.dylib; path = /usr/local/Cellar/opencv/2.4.5/lib/libopencv_imgproc.2.4.5.dylib; sourceTree = "<absolute>"; };
		EC8618DF174E9CC0005E583F /* libopencv_video.2.4.5.dylib */ = {isa = PBXFileReference; lastKnownFileType = "compiled.mach-o.dylib"; name = libopencv_video.2.4.5.dylib; path = /usr/local/Cellar/opencv/2.4.5/lib/libopencv_video.2.4.5.dylib; sourceTree = "<absolute>"; };
		EC8618E4174EB0F6005E583F /* helper.cpp */ = {isa = PBXFileReference; fileEncoding = 4; lastKnownFileType = sourcecode.cpp.cpp; name = helper.cpp; path = src/helper.cpp; sourceTree = "<group>"; };
		EC8618E5174EB0F6005E583F /* helper.h */ = {isa = PBXFileReference; fileEncoding = 4; lastKnownFileType = sourcecode.c.h; name = helper.h; path = src/helper.h; sourceTree = "<group>"; };
/* End PBXFileReference section */

/* Begin PBXFrameworksBuildPhase section */
		EC0C7388174E4E1000E80F65 /* Frameworks */ = {
			isa = PBXFrameworksBuildPhase;
			buildActionMask = 2147483647;
			files = (
				EC8618E0174E9CC0005E583F /* libopencv_core.2.4.5.dylib in Frameworks */,
				EC8618E1174E9CC0005E583F /* libopencv_highgui.2.4.5.dylib in Frameworks */,
				EC8618E2174E9CC0005E583F /* libopencv_imgproc.2.4.5.dylib in Frameworks */,
				EC8618E3174E9CC0005E583F /* libopencv_video.2.4.5.dylib in Frameworks */,
			);
			runOnlyForDeploymentPostprocessing = 0;
		};
/* End PBXFrameworksBuildPhase section */

/* Begin PBXGroup section */
		EC5E7023174E2BD3009F476C = {
			isa = PBXGroup;
			children = (
				EC5E7030174E2C3D009F476C /* Source */,
				EC5E7031174E2C48009F476C /* Other */,
			);
			sourceTree = "<group>";
		};
		EC5E7030174E2C3D009F476C /* Source */ = {
			isa = PBXGroup;
			children = (
				EC5E702E174E2BFE009F476C /* main.cpp */,
				EC8618D0174E75FC005E583F /* sta.h */,
				EC8618CF174E75FC005E583F /* sta.cpp */,
				EC8618E5174EB0F6005E583F /* helper.h */,
				EC8618E4174EB0F6005E583F /* helper.cpp */,
			);
			name = Source;
			sourceTree = "<group>";
		};
		EC5E7031174E2C48009F476C /* Other */ = {
			isa = PBXGroup;
			children = (
				EC8618D3174E9C0F005E583F /* code_completion */,
				EC8618DC174E9CC0005E583F /* libopencv_core.2.4.5.dylib */,
				EC8618DD174E9CC0005E583F /* libopencv_highgui.2.4.5.dylib */,
				EC8618DE174E9CC0005E583F /* libopencv_imgproc.2.4.5.dylib */,
				EC8618DF174E9CC0005E583F /* libopencv_video.2.4.5.dylib */,
				EC5E7032174E2C5C009F476C /* CMakeLists.txt */,
			);
			name = Other;
			sourceTree = "<group>";
		};
/* End PBXGroup section */

/* Begin PBXLegacyTarget section */
		EC5E7028174E2BD3009F476C /* optical_flow_sta */ = {
			isa = PBXLegacyTarget;
			buildArgumentsString = "$(ACTION)";
			buildConfigurationList = EC5E702B174E2BD3009F476C /* Build configuration list for PBXLegacyTarget "optical_flow_sta" */;
			buildPhases = (
			);
			buildToolPath = /usr/bin/make;
			dependencies = (
			);
			name = optical_flow_sta;
			passBuildSettingsInEnvironment = 1;
			productName = optical_flow_sta;
		};
/* End PBXLegacyTarget section */

/* Begin PBXNativeTarget section */
		EC0C738A174E4E1000E80F65 /* code_completion */ = {
			isa = PBXNativeTarget;
			buildConfigurationList = EC0C7392174E4E1000E80F65 /* Build configuration list for PBXNativeTarget "code_completion" */;
			buildPhases = (
				EC0C7387174E4E1000E80F65 /* Sources */,
				EC0C7388174E4E1000E80F65 /* Frameworks */,
				EC0C7389174E4E1000E80F65 /* CopyFiles */,
			);
			buildRules = (
			);
			dependencies = (
			);
			name = code_completion;
			productName = code_completion;
			productReference = EC8618D3174E9C0F005E583F /* code_completion */;
			productType = "com.apple.product-type.tool";
		};
/* End PBXNativeTarget section */

/* Begin PBXProject section */
		EC5E7024174E2BD3009F476C /* Project object */ = {
			isa = PBXProject;
			attributes = {
				LastUpgradeCheck = 0460;
				ORGANIZATIONNAME = "Srđan Rašić";
			};
			buildConfigurationList = EC5E7027174E2BD3009F476C /* Build configuration list for PBXProject "optical_flow_sta" */;
			compatibilityVersion = "Xcode 3.2";
			developmentRegion = English;
			hasScannedForEncodings = 0;
			knownRegions = (
				en,
			);
			mainGroup = EC5E7023174E2BD3009F476C;
			productRefGroup = EC5E7023174E2BD3009F476C;
			projectDirPath = "";
			projectRoot = "";
			targets = (
				EC5E7028174E2BD3009F476C /* optical_flow_sta */,
				EC0C738A174E4E1000E80F65 /* code_completion */,
			);
		};
/* End PBXProject section */

/* Begin PBXSourcesBuildPhase section */
		EC0C7387174E4E1000E80F65 /* Sources */ = {
			isa = PBXSourcesBuildPhase;
			buildActionMask = 2147483647;
			files = (
				EC8618D1174E7697005E583F /* sta.cpp in Sources */,
				EC8618D2174E7886005E583F /* main.cpp in Sources */,
				EC8618E6174EB0F8005E583F /* helper.cpp in Sources */,
			);
			runOnlyForDeploymentPostprocessing = 0;
		};
/* End PBXSourcesBuildPhase section */

/* Begin XCBuildConfiguration section */
		EC0C7393174E4E1000E80F65 /* Debug */ = {
			isa = XCBuildConfiguration;
			buildSettings = {
				CLANG_CXX_LANGUAGE_STANDARD = "c++98";
				CLANG_CXX_LIBRARY = "libstdc++";
				HEADER_SEARCH_PATHS = /usr/local/include;
				LIBRARY_SEARCH_PATHS = (
					"$(inherited)",
					/usr/local/Cellar/opencv/2.4.5/lib,
				);
				PRODUCT_NAME = "$(TARGET_NAME)";
			};
			name = Debug;
		};
		EC0C7394174E4E1000E80F65 /* Release */ = {
			isa = XCBuildConfiguration;
			buildSettings = {
				CLANG_CXX_LANGUAGE_STANDARD = "c++98";
				CLANG_CXX_LIBRARY = "libstdc++";
				HEADER_SEARCH_PATHS = /usr/local/include;
				LIBRARY_SEARCH_PATHS = (
					"$(inherited)",
					/usr/local/Cellar/opencv/2.4.5/lib,
				);
				PRODUCT_NAME = "$(TARGET_NAME)";
			};
			name = Release;
		};
		EC5E7029174E2BD3009F476C /* Debug */ = {
			isa = XCBuildConfiguration;
			buildSettings = {
				ALWAYS_SEARCH_USER_PATHS = NO;
				ARCHS = "$(ARCHS_STANDARD_64_BIT)";
				CLANG_CXX_LANGUAGE_STANDARD = "gnu++0x";
				CLANG_CXX_LIBRARY = "libc++";
				CLANG_WARN_CONSTANT_CONVERSION = YES;
				CLANG_WARN_EMPTY_BODY = YES;
				CLANG_WARN_ENUM_CONVERSION = YES;
				CLANG_WARN_INT_CONVERSION = YES;
				CLANG_WARN__DUPLICATE_METHOD_MATCH = YES;
				COPY_PHASE_STRIP = NO;
				GCC_C_LANGUAGE_STANDARD = gnu99;
				GCC_DYNAMIC_NO_PIC = NO;
				GCC_ENABLE_OBJC_EXCEPTIONS = YES;
				GCC_OPTIMIZATION_LEVEL = 0;
				GCC_PREPROCESSOR_DEFINITIONS = (
					"DEBUG=1",
					"$(inherited)",
				);
				GCC_SYMBOLS_PRIVATE_EXTERN = NO;
				GCC_WARN_64_TO_32_BIT_CONVERSION = YES;
				GCC_WARN_ABOUT_RETURN_TYPE = YES;
				GCC_WARN_UNINITIALIZED_AUTOS = YES;
				GCC_WARN_UNUSED_VARIABLE = YES;
				MACOSX_DEPLOYMENT_TARGET = 10.8;
				ONLY_ACTIVE_ARCH = YES;
				SDKROOT = macosx;
			};
			name = Debug;
		};
		EC5E702A174E2BD3009F476C /* Release */ = {
			isa = XCBuildConfiguration;
			buildSettings = {
				ALWAYS_SEARCH_USER_PATHS = NO;
				ARCHS = "$(ARCHS_STANDARD_64_BIT)";
				CLANG_CXX_LANGUAGE_STANDARD = "gnu++0x";
				CLANG_CXX_LIBRARY = "libc++";
				CLANG_WARN_CONSTANT_CONVERSION = YES;
				CLANG_WARN_EMPTY_BODY = YES;
				CLANG_WARN_ENUM_CONVERSION = YES;
				CLANG_WARN_INT_CONVERSION = YES;
				CLANG_WARN__DUPLICATE_METHOD_MATCH = YES;
				COPY_PHASE_STRIP = YES;
				DEBUG_INFORMATION_FORMAT = "dwarf-with-dsym";
				GCC_C_LANGUAGE_STANDARD = gnu99;
				GCC_ENABLE_OBJC_EXCEPTIONS = YES;
				GCC_WARN_64_TO_32_BIT_CONVERSION = YES;
				GCC_WARN_ABOUT_RETURN_TYPE = YES;
				GCC_WARN_UNINITIALIZED_AUTOS = YES;
				GCC_WARN_UNUSED_VARIABLE = YES;
				MACOSX_DEPLOYMENT_TARGET = 10.8;
				SDKROOT = macosx;
			};
			name = Release;
		};
		EC5E702C174E2BD3009F476C /* Debug */ = {
			isa = XCBuildConfiguration;
			buildSettings = {
				ALWAYS_SEARCH_USER_PATHS = NO;
				DEBUGGING_SYMBOLS = YES;
				GCC_GENERATE_DEBUGGING_SYMBOLS = YES;
				GCC_OPTIMIZATION_LEVEL = 0;
				OTHER_CFLAGS = "";
				OTHER_LDFLAGS = "";
				PRODUCT_NAME = "$(TARGET_NAME)";
			};
			name = Debug;
		};
		EC5E702D174E2BD3009F476C /* Release */ = {
			isa = XCBuildConfiguration;
			buildSettings = {
				ALWAYS_SEARCH_USER_PATHS = NO;
				OTHER_CFLAGS = "";
				OTHER_LDFLAGS = "";
				PRODUCT_NAME = "$(TARGET_NAME)";
			};
			name = Release;
		};
/* End XCBuildConfiguration section */

/* Begin XCConfigurationList section */
		EC0C7392174E4E1000E80F65 /* Build configuration list for PBXNativeTarget "code_completion" */ = {
			isa = XCConfigurationList;
			buildConfigurations = (
				EC0C7393174E4E1000E80F65 /* Debug */,
				EC0C7394174E4E1000E80F65 /* Release */,
			);
			defaultConfigurationIsVisible = 0;
			defaultConfigurationName = Release;
		};
		EC5E7027174E2BD3009F476C /* Build configuration list for PBXProject "optical_flow_sta" */ = {
			isa = XCConfigurationList;
			buildConfigurations = (
				EC5E7029174E2BD3009F476C /* Debug */,
				EC5E702A174E2BD3009F476C /* Release */,
			);
			defaultConfigurationIsVisible = 0;
			defaultConfigurationName = Release;
		};
		EC5E702B174E2BD3009F476C /* Build configuration list for PBXLegacyTarget "optical_flow_sta" */ = {
			isa = XCConfigurationList;
			buildConfigurations = (
				EC5E702C174E2BD3009F476C /* Debug */,
				EC5E702D174E2BD3009F476C /* Release */,
			);
			defaultConfigurationIsVisible = 0;
			defaultConfigurationName = Release;
		};
/* End XCConfigurationList section */
	};
	rootObject = EC5E7024174E2BD3009F476C /* Project object */;
}
